
Microsoft Visual Studio Solution File, Format Version 12.00
# Visual Studio Version 17
VisualStudioVersion = 17.10.34916.146
MinimumVisualStudioVersion = 10.0.40219.1
Project("{FAE04EC0-301F-11D3-BF4B-00C04F79EFBC}") = "YoutubeMp3Converter", "YoutubeMp3Converter.csproj", "{38C760C7-8C4B-4DCE-8D12-17E65C77D224}"
EndProject
Global
	GlobalSection(SolutionConfigurationPlatforms) = preSolution
		Debug|Any CPU = Debug|Any CPU
		Release|Any CPU = Release|Any CPU
	EndGlobalSection
	GlobalSection(ProjectConfigurationPlatforms) = postSolution
		{38C760C7-8C4B-4DCE-8D12-17E65C77D224}.Debug|Any CPU.ActiveCfg = Debug|Any CPU
		{38C760C7-8C4B-4DCE-8D12-17E65C77D224}.Debug|Any CPU.Build.0 = Debug|Any CPU
		{38C760C7-8C4B-4DCE-8D12-17E65C77D224}.Release|Any CPU.ActiveCfg = Release|Any CPU
		{38C760C7-8C4B-4DCE-8D12-17E65C77D224}.Release|Any CPU.Build.0 = Release|Any CPU
	EndGlobalSection
	GlobalSection(SolutionProperties) = preSolution
		HideSolutionNode = FALSE
	EndGlobalSection
	GlobalSection(ExtensibilityGlobals) = postSolution
		SolutionGuid = {4F4AFAD7-6C27-4E13-8521-246AB4722365}
	EndGlobalSection
EndGlobal
